
Microsoft Visual Studio Solution File, Format Version 12.00
# Visual Studio Version 17
VisualStudioVersion = 17.9.34728.123
MinimumVisualStudioVersion = 10.0.40219.1
Project("{FAE04EC0-301F-11D3-BF4B-00C04F79EFBC}") = "AddressBook", "AddressBook\AddressBook.csproj", "{C828E62A-6010-4268-9137-BBF455FC25D6}"
EndProject
Global
	GlobalSection(SolutionConfigurationPlatforms) = preSolution
		Debug|Any CPU = Debug|Any CPU
		Release|Any CPU = Release|Any CPU
	EndGlobalSection
	GlobalSection(ProjectConfigurationPlatforms) = postSolution
		{C828E62A-6010-4268-9137-BBF455FC25D6}.Debug|Any CPU.ActiveCfg = Debug|Any CPU
		{C828E62A-6010-4268-9137-BBF455FC25D6}.Debug|Any CPU.Build.0 = Debug|Any CPU
		{C828E62A-6010-4268-9137-BBF455FC25D6}.Release|Any CPU.ActiveCfg = Release|Any CPU
		{C828E62A-6010-4268-9137-BBF455FC25D6}.Release|Any CPU.Build.0 = Release|Any CPU
	EndGlobalSection
	GlobalSection(SolutionProperties) = preSolution
		HideSolutionNode = FALSE
	EndGlobalSection
	GlobalSection(ExtensibilityGlobals) = postSolution
		SolutionGuid = {81F7CB2C-DAB4-49DE-9363-ACDDF2F3DB33}
	EndGlobalSection
EndGlobal
